
Microsoft Visual Studio Solution File, Format Version 12.00
# Visual Studio Version 16
VisualStudioVersion = 16.0.29324.140
MinimumVisualStudioVersion = 10.0.40219.1
Project("{FAE04EC0-301F-11D3-BF4B-00C04F79EFBC}") = "Exceptions", "Exceptions\Exceptions.csproj", "{74606B41-2B74-4D8E-9491-A414C06DFC24}"
EndProject
Project("{FAE04EC0-301F-11D3-BF4B-00C04F79EFBC}") = "PracticalWork1", "PracticalWork1\PracticalWork1.csproj", "{2D96A1FC-2371-49D6-8626-3EDD72FA5982}"
EndProject
Project("{FAE04EC0-301F-11D3-BF4B-00C04F79EFBC}") = "Day4_Abstraction", "Day4_Abstraction\Day4_Abstraction.csproj", "{EAE2ED03-ED73-4002-BF4A-C98988C3185D}"
EndProject
Project("{FAE04EC0-301F-11D3-BF4B-00C04F79EFBC}") = "ConsoleHelpers", "ConsoleHelpers\ConsoleHelpers.csproj", "{0952FA9C-A9DF-4827-A7B7-791D67097FB8}"
EndProject
Project("{FAE04EC0-301F-11D3-BF4B-00C04F79EFBC}") = "Blackjack_game", "Blackjack_game\Blackjack_game.csproj", "{0945F3A3-E191-4B5D-AB3C-48223BDD5BE7}"
EndProject
Project("{2150E333-8FDC-42A3-9474-1A3956D46DE8}") = "WebSamples", "WebSamples", "{86A0FDE1-3B70-4A9C-91C5-6BD3E9FBACA8}"
	ProjectSection(SolutionItems) = preProject
		Homework.html = Homework.html
		Index.html = Index.html
		Internetveikals.html = Internetveikals.html
		JavascriptSample.html = JavascriptSample.html
		Script.js = Script.js
		StyleCSS.css = StyleCSS.css
	EndProjectSection
EndProject
Project("{FAE04EC0-301F-11D3-BF4B-00C04F79EFBC}") = "LogicSample1", "LogicSample1\LogicSample1.csproj", "{3D32AE07-BC22-4542-A371-C908A5ADF7BA}"
EndProject
Project("{FAE04EC0-301F-11D3-BF4B-00C04F79EFBC}") = "LogicSample1.test", "LogicSample1.test\LogicSample1.test.csproj", "{50E5A5A9-E6BE-42E1-91B0-8427000501EF}"
EndProject
Project("{FAE04EC0-301F-11D3-BF4B-00C04F79EFBC}") = "WebShopDescription", "WebShopDescription\WebShopDescription.csproj", "{C8962D1B-71FD-4F3D-9283-937EDEF6CFAD}"
EndProject
Project("{FAE04EC0-301F-11D3-BF4B-00C04F79EFBC}") = "WebShopTest", "WebShopTest\WebShopTest.csproj", "{B3F153C4-78E9-4379-BAAF-49836057AC55}"
EndProject
Project("{9A19103F-16F7-4668-BE54-9A1E7A4F7556}") = "WebSample", "WebSample\WebSample.csproj", "{0487F7A1-9ACC-477B-8D97-F4C2A14E7C7D}"
EndProject
Project("{9A19103F-16F7-4668-BE54-9A1E7A4F7556}") = "WebShop", "WebShop\WebShop.csproj", "{40637498-3662-4A77-991C-01C886BF12D4}"
EndProject
Project("{9A19103F-16F7-4668-BE54-9A1E7A4F7556}") = "InternetShop", "InternetShop\InternetShop.csproj", "{E4821FBF-FBE8-4C39-9BC8-CB08ABECBBDD}"
EndProject
Project("{9A19103F-16F7-4668-BE54-9A1E7A4F7556}") = "LogicInternetveikals", "LogicInternetveikals\LogicInternetveikals.csproj", "{767AB464-6D48-4DA7-8B3B-6CB6DB123E56}"
EndProject
Project("{9A19103F-16F7-4668-BE54-9A1E7A4F7556}") = "NewsPortalLogic", "NewsPortalLogic\NewsPortalLogic.csproj", "{FC3DF276-7041-4C64-8016-802ACBF6B275}"
EndProject
Project("{9A19103F-16F7-4668-BE54-9A1E7A4F7556}") = "NewsPortal", "NewsPortal\NewsPortal.csproj", "{8752BB98-AF2C-4A98-8F30-765508D147C8}"
EndProject
Project("{2150E333-8FDC-42A3-9474-1A3956D46DE8}") = "Solution Items", "Solution Items", "{42F5E959-4EAC-401D-95D1-C7EC9D7DA7F4}"
	ProjectSection(SolutionItems) = preProject
		..\..\..\..\source\repos\SQL\SQLQuery_EmployeesDB.sql = ..\..\..\..\source\repos\SQL\SQLQuery_EmployeesDB.sql
		..\..\..\..\source\repos\SQL\SQLQuery_new.sql = ..\..\..\..\source\repos\SQL\SQLQuery_new.sql
	EndProjectSection
EndProject
Global
	GlobalSection(SolutionConfigurationPlatforms) = preSolution
		Debug|Any CPU = Debug|Any CPU
		Release|Any CPU = Release|Any CPU
	EndGlobalSection
	GlobalSection(ProjectConfigurationPlatforms) = postSolution
		{74606B41-2B74-4D8E-9491-A414C06DFC24}.Debug|Any CPU.ActiveCfg = Debug|Any CPU
		{74606B41-2B74-4D8E-9491-A414C06DFC24}.Debug|Any CPU.Build.0 = Debug|Any CPU
		{74606B41-2B74-4D8E-9491-A414C06DFC24}.Release|Any CPU.ActiveCfg = Release|Any CPU
		{74606B41-2B74-4D8E-9491-A414C06DFC24}.Release|Any CPU.Build.0 = Release|Any CPU
		{2D96A1FC-2371-49D6-8626-3EDD72FA5982}.Debug|Any CPU.ActiveCfg = Debug|Any CPU
		{2D96A1FC-2371-49D6-8626-3EDD72FA5982}.Debug|Any CPU.Build.0 = Debug|Any CPU
		{2D96A1FC-2371-49D6-8626-3EDD72FA5982}.Release|Any CPU.ActiveCfg = Release|Any CPU
		{2D96A1FC-2371-49D6-8626-3EDD72FA5982}.Release|Any CPU.Build.0 = Release|Any CPU
		{EAE2ED03-ED73-4002-BF4A-C98988C3185D}.Debug|Any CPU.ActiveCfg = Debug|Any CPU
		{EAE2ED03-ED73-4002-BF4A-C98988C3185D}.Debug|Any CPU.Build.0 = Debug|Any CPU
		{EAE2ED03-ED73-4002-BF4A-C98988C3185D}.Release|Any CPU.ActiveCfg = Release|Any CPU
		{EAE2ED03-ED73-4002-BF4A-C98988C3185D}.Release|Any CPU.Build.0 = Release|Any CPU
		{0952FA9C-A9DF-4827-A7B7-791D67097FB8}.Debug|Any CPU.ActiveCfg = Debug|Any CPU
		{0952FA9C-A9DF-4827-A7B7-791D67097FB8}.Debug|Any CPU.Build.0 = Debug|Any CPU
		{0952FA9C-A9DF-4827-A7B7-791D67097FB8}.Release|Any CPU.ActiveCfg = Release|Any CPU
		{0952FA9C-A9DF-4827-A7B7-791D67097FB8}.Release|Any CPU.Build.0 = Release|Any CPU
		{0945F3A3-E191-4B5D-AB3C-48223BDD5BE7}.Debug|Any CPU.ActiveCfg = Debug|Any CPU
		{0945F3A3-E191-4B5D-AB3C-48223BDD5BE7}.Debug|Any CPU.Build.0 = Debug|Any CPU
		{0945F3A3-E191-4B5D-AB3C-48223BDD5BE7}.Release|Any CPU.ActiveCfg = Release|Any CPU
		{0945F3A3-E191-4B5D-AB3C-48223BDD5BE7}.Release|Any CPU.Build.0 = Release|Any CPU
		{3D32AE07-BC22-4542-A371-C908A5ADF7BA}.Debug|Any CPU.ActiveCfg = Debug|Any CPU
		{3D32AE07-BC22-4542-A371-C908A5ADF7BA}.Debug|Any CPU.Build.0 = Debug|Any CPU
		{3D32AE07-BC22-4542-A371-C908A5ADF7BA}.Release|Any CPU.ActiveCfg = Release|Any CPU
		{3D32AE07-BC22-4542-A371-C908A5ADF7BA}.Release|Any CPU.Build.0 = Release|Any CPU
		{50E5A5A9-E6BE-42E1-91B0-8427000501EF}.Debug|Any CPU.ActiveCfg = Debug|Any CPU
		{50E5A5A9-E6BE-42E1-91B0-8427000501EF}.Debug|Any CPU.Build.0 = Debug|Any CPU
		{50E5A5A9-E6BE-42E1-91B0-8427000501EF}.Release|Any CPU.ActiveCfg = Release|Any CPU
		{50E5A5A9-E6BE-42E1-91B0-8427000501EF}.Release|Any CPU.Build.0 = Release|Any CPU
		{C8962D1B-71FD-4F3D-9283-937EDEF6CFAD}.Debug|Any CPU.ActiveCfg = Debug|Any CPU
		{C8962D1B-71FD-4F3D-9283-937EDEF6CFAD}.Debug|Any CPU.Build.0 = Debug|Any CPU
		{C8962D1B-71FD-4F3D-9283-937EDEF6CFAD}.Release|Any CPU.ActiveCfg = Release|Any CPU
		{C8962D1B-71FD-4F3D-9283-937EDEF6CFAD}.Release|Any CPU.Build.0 = Release|Any CPU
		{B3F153C4-78E9-4379-BAAF-49836057AC55}.Debug|Any CPU.ActiveCfg = Debug|Any CPU
		{B3F153C4-78E9-4379-BAAF-49836057AC55}.Debug|Any CPU.Build.0 = Debug|Any CPU
		{B3F153C4-78E9-4379-BAAF-49836057AC55}.Release|Any CPU.ActiveCfg = Release|Any CPU
		{B3F153C4-78E9-4379-BAAF-49836057AC55}.Release|Any CPU.Build.0 = Release|Any CPU
		{0487F7A1-9ACC-477B-8D97-F4C2A14E7C7D}.Debug|Any CPU.ActiveCfg = Debug|Any CPU
		{0487F7A1-9ACC-477B-8D97-F4C2A14E7C7D}.Debug|Any CPU.Build.0 = Debug|Any CPU
		{0487F7A1-9ACC-477B-8D97-F4C2A14E7C7D}.Release|Any CPU.ActiveCfg = Release|Any CPU
		{0487F7A1-9ACC-477B-8D97-F4C2A14E7C7D}.Release|Any CPU.Build.0 = Release|Any CPU
		{40637498-3662-4A77-991C-01C886BF12D4}.Debug|Any CPU.ActiveCfg = Debug|Any CPU
		{40637498-3662-4A77-991C-01C886BF12D4}.Debug|Any CPU.Build.0 = Debug|Any CPU
		{40637498-3662-4A77-991C-01C886BF12D4}.Release|Any CPU.ActiveCfg = Release|Any CPU
		{40637498-3662-4A77-991C-01C886BF12D4}.Release|Any CPU.Build.0 = Release|Any CPU
		{E4821FBF-FBE8-4C39-9BC8-CB08ABECBBDD}.Debug|Any CPU.ActiveCfg = Debug|Any CPU
		{E4821FBF-FBE8-4C39-9BC8-CB08ABECBBDD}.Debug|Any CPU.Build.0 = Debug|Any CPU
		{E4821FBF-FBE8-4C39-9BC8-CB08ABECBBDD}.Release|Any CPU.ActiveCfg = Release|Any CPU
		{E4821FBF-FBE8-4C39-9BC8-CB08ABECBBDD}.Release|Any CPU.Build.0 = Release|Any CPU
		{767AB464-6D48-4DA7-8B3B-6CB6DB123E56}.Debug|Any CPU.ActiveCfg = Debug|Any CPU
		{767AB464-6D48-4DA7-8B3B-6CB6DB123E56}.Debug|Any CPU.Build.0 = Debug|Any CPU
		{767AB464-6D48-4DA7-8B3B-6CB6DB123E56}.Release|Any CPU.ActiveCfg = Release|Any CPU
		{767AB464-6D48-4DA7-8B3B-6CB6DB123E56}.Release|Any CPU.Build.0 = Release|Any CPU
		{FC3DF276-7041-4C64-8016-802ACBF6B275}.Debug|Any CPU.ActiveCfg = Debug|Any CPU
		{FC3DF276-7041-4C64-8016-802ACBF6B275}.Debug|Any CPU.Build.0 = Debug|Any CPU
		{FC3DF276-7041-4C64-8016-802ACBF6B275}.Release|Any CPU.ActiveCfg = Release|Any CPU
		{FC3DF276-7041-4C64-8016-802ACBF6B275}.Release|Any CPU.Build.0 = Release|Any CPU
		{8752BB98-AF2C-4A98-8F30-765508D147C8}.Debug|Any CPU.ActiveCfg = Debug|Any CPU
		{8752BB98-AF2C-4A98-8F30-765508D147C8}.Debug|Any CPU.Build.0 = Debug|Any CPU
		{8752BB98-AF2C-4A98-8F30-765508D147C8}.Release|Any CPU.ActiveCfg = Release|Any CPU
		{8752BB98-AF2C-4A98-8F30-765508D147C8}.Release|Any CPU.Build.0 = Release|Any CPU
	EndGlobalSection
	GlobalSection(SolutionProperties) = preSolution
		HideSolutionNode = FALSE
	EndGlobalSection
	GlobalSection(ExtensibilityGlobals) = postSolution
		SolutionGuid = {7DB4FBE0-1C8B-442E-8983-73BD7AC6DD1F}
	EndGlobalSection
EndGlobal
