
Microsoft Visual Studio Solution File, Format Version 12.00
# Visual Studio Version 16
VisualStudioVersion = 16.0.29324.140
MinimumVisualStudioVersion = 10.0.40219.1
Project("{FAE04EC0-301F-11D3-BF4B-00C04F79EFBC}") = "Exceptions", "Exceptions\Exceptions.csproj", "{74606B41-2B74-4D8E-9491-A414C06DFC24}"
EndProject
Project("{FAE04EC0-301F-11D3-BF4B-00C04F79EFBC}") = "PracticalWork1", "PracticalWork1\PracticalWork1.csproj", "{2D96A1FC-2371-49D6-8626-3EDD72FA5982}"
EndProject
Project("{FAE04EC0-301F-11D3-BF4B-00C04F79EFBC}") = "Day4_Abstraction", "Day4_Abstraction\Day4_Abstraction.csproj", "{EAE2ED03-ED73-4002-BF4A-C98988C3185D}"
EndProject
Project("{FAE04EC0-301F-11D3-BF4B-00C04F79EFBC}") = "ConsoleHelpers", "ConsoleHelpers\ConsoleHelpers.csproj", "{0952FA9C-A9DF-4827-A7B7-791D67097FB8}"
EndProject
Project("{FAE04EC0-301F-11D3-BF4B-00C04F79EFBC}") = "Blackjack_game", "Blackjack_game\Blackjack_game.csproj", "{0945F3A3-E191-4B5D-AB3C-48223BDD5BE7}"
EndProject
Project("{2150E333-8FDC-42A3-9474-1A3956D46DE8}") = "WebSamples", "WebSamples", "{86A0FDE1-3B70-4A9C-91C5-6BD3E9FBACA8}"
	ProjectSection(SolutionItems) = preProject
		Homework.html = Homework.html
		Index.html = Index.html
		JavascriptSample.html = JavascriptSample.html
		Script.js = Script.js
		StyleCSS.css = StyleCSS.css
	EndProjectSection
EndProject
Global
	GlobalSection(SolutionConfigurationPlatforms) = preSolution
		Debug|Any CPU = Debug|Any CPU
		Release|Any CPU = Release|Any CPU
	EndGlobalSection
	GlobalSection(ProjectConfigurationPlatforms) = postSolution
		{74606B41-2B74-4D8E-9491-A414C06DFC24}.Debug|Any CPU.ActiveCfg = Debug|Any CPU
		{74606B41-2B74-4D8E-9491-A414C06DFC24}.Debug|Any CPU.Build.0 = Debug|Any CPU
		{74606B41-2B74-4D8E-9491-A414C06DFC24}.Release|Any CPU.ActiveCfg = Release|Any CPU
		{74606B41-2B74-4D8E-9491-A414C06DFC24}.Release|Any CPU.Build.0 = Release|Any CPU
		{2D96A1FC-2371-49D6-8626-3EDD72FA5982}.Debug|Any CPU.ActiveCfg = Debug|Any CPU
		{2D96A1FC-2371-49D6-8626-3EDD72FA5982}.Debug|Any CPU.Build.0 = Debug|Any CPU
		{2D96A1FC-2371-49D6-8626-3EDD72FA5982}.Release|Any CPU.ActiveCfg = Release|Any CPU
		{2D96A1FC-2371-49D6-8626-3EDD72FA5982}.Release|Any CPU.Build.0 = Release|Any CPU
		{EAE2ED03-ED73-4002-BF4A-C98988C3185D}.Debug|Any CPU.ActiveCfg = Debug|Any CPU
		{EAE2ED03-ED73-4002-BF4A-C98988C3185D}.Debug|Any CPU.Build.0 = Debug|Any CPU
		{EAE2ED03-ED73-4002-BF4A-C98988C3185D}.Release|Any CPU.ActiveCfg = Release|Any CPU
		{EAE2ED03-ED73-4002-BF4A-C98988C3185D}.Release|Any CPU.Build.0 = Release|Any CPU
		{0952FA9C-A9DF-4827-A7B7-791D67097FB8}.Debug|Any CPU.ActiveCfg = Debug|Any CPU
		{0952FA9C-A9DF-4827-A7B7-791D67097FB8}.Debug|Any CPU.Build.0 = Debug|Any CPU
		{0952FA9C-A9DF-4827-A7B7-791D67097FB8}.Release|Any CPU.ActiveCfg = Release|Any CPU
		{0952FA9C-A9DF-4827-A7B7-791D67097FB8}.Release|Any CPU.Build.0 = Release|Any CPU
		{0945F3A3-E191-4B5D-AB3C-48223BDD5BE7}.Debug|Any CPU.ActiveCfg = Debug|Any CPU
		{0945F3A3-E191-4B5D-AB3C-48223BDD5BE7}.Debug|Any CPU.Build.0 = Debug|Any CPU
		{0945F3A3-E191-4B5D-AB3C-48223BDD5BE7}.Release|Any CPU.ActiveCfg = Release|Any CPU
		{0945F3A3-E191-4B5D-AB3C-48223BDD5BE7}.Release|Any CPU.Build.0 = Release|Any CPU
	EndGlobalSection
	GlobalSection(SolutionProperties) = preSolution
		HideSolutionNode = FALSE
	EndGlobalSection
	GlobalSection(ExtensibilityGlobals) = postSolution
		SolutionGuid = {7DB4FBE0-1C8B-442E-8983-73BD7AC6DD1F}
	EndGlobalSection
EndGlobal
